
Microsoft Visual Studio Solution File, Format Version 12.00
# Visual Studio 15
Project("{FAE04EC0-301F-11D3-BF4B-00C04F79EFBC}") = "Mirror", "Mirror.csproj", "{4602DE66-AA87-CB5D-B399-61FE962FD60B}"
EndProject
Project("{FAE04EC0-301F-11D3-BF4B-00C04F79EFBC}") = "Assembly-CSharp", "Assembly-CSharp.csproj", "{F4184E89-CF3F-F70A-6426-DD5AEDA0B633}"
EndProject
Project("{FAE04EC0-301F-11D3-BF4B-00C04F79EFBC}") = "SimpleWebTransport", "SimpleWebTransport.csproj", "{84F3ED04-C927-0D9E-D1C1-32AD2A267CA8}"
EndProject
Project("{FAE04EC0-301F-11D3-BF4B-00C04F79EFBC}") = "Mirror.Examples", "Mirror.Examples.csproj", "{038E2C5D-E0A4-883E-98E2-60A0C30CCAB5}"
EndProject
Project("{FAE04EC0-301F-11D3-BF4B-00C04F79EFBC}") = "Mirror.Components", "Mirror.Components.csproj", "{461790EE-BC61-FC56-AD18-0300C82E7EAE}"
EndProject
Project("{FAE04EC0-301F-11D3-BF4B-00C04F79EFBC}") = "kcp2k", "kcp2k.csproj", "{B38C1480-7B49-0C90-8E5A-392AECD0C3A9}"
EndProject
Project("{FAE04EC0-301F-11D3-BF4B-00C04F79EFBC}") = "Telepathy", "Telepathy.csproj", "{49FF25C7-1525-039B-BA6E-F6588E7346F6}"
EndProject
Project("{FAE04EC0-301F-11D3-BF4B-00C04F79EFBC}") = "Mirror.Authenticators", "Mirror.Authenticators.csproj", "{EE0C86F4-A421-7147-469F-B9BDBB14A65C}"
EndProject
Project("{FAE04EC0-301F-11D3-BF4B-00C04F79EFBC}") = "where-allocations", "where-allocations.csproj", "{C326CE29-1D0C-C011-A834-521152BA326F}"
EndProject
Project("{FAE04EC0-301F-11D3-BF4B-00C04F79EFBC}") = "Unity.Mirror.CodeGen", "Unity.Mirror.CodeGen.csproj", "{214435EB-8F70-5945-38BB-A292FB781861}"
EndProject
Project("{FAE04EC0-301F-11D3-BF4B-00C04F79EFBC}") = "Mirror.Editor", "Mirror.Editor.csproj", "{D3261AF8-690A-D73B-0A95-7A6465361B37}"
EndProject
Project("{FAE04EC0-301F-11D3-BF4B-00C04F79EFBC}") = "Mirror.CompilerSymbols", "Mirror.CompilerSymbols.csproj", "{E1BE8B6D-2C8C-52E0-4213-E9AA298594E0}"
EndProject
Global
	GlobalSection(SolutionConfigurationPlatforms) = preSolution
		Debug|Any CPU = Debug|Any CPU
		Release|Any CPU = Release|Any CPU
	EndGlobalSection
	GlobalSection(ProjectConfigurationPlatforms) = postSolution
		{4602DE66-AA87-CB5D-B399-61FE962FD60B}.Debug|Any CPU.ActiveCfg = Debug|Any CPU
		{4602DE66-AA87-CB5D-B399-61FE962FD60B}.Debug|Any CPU.Build.0 = Debug|Any CPU
		{4602DE66-AA87-CB5D-B399-61FE962FD60B}.Release|Any CPU.ActiveCfg = Release|Any CPU
		{4602DE66-AA87-CB5D-B399-61FE962FD60B}.Release|Any CPU.Build.0 = Release|Any CPU
		{F4184E89-CF3F-F70A-6426-DD5AEDA0B633}.Debug|Any CPU.ActiveCfg = Debug|Any CPU
		{F4184E89-CF3F-F70A-6426-DD5AEDA0B633}.Debug|Any CPU.Build.0 = Debug|Any CPU
		{F4184E89-CF3F-F70A-6426-DD5AEDA0B633}.Release|Any CPU.ActiveCfg = Release|Any CPU
		{F4184E89-CF3F-F70A-6426-DD5AEDA0B633}.Release|Any CPU.Build.0 = Release|Any CPU
		{84F3ED04-C927-0D9E-D1C1-32AD2A267CA8}.Debug|Any CPU.ActiveCfg = Debug|Any CPU
		{84F3ED04-C927-0D9E-D1C1-32AD2A267CA8}.Debug|Any CPU.Build.0 = Debug|Any CPU
		{84F3ED04-C927-0D9E-D1C1-32AD2A267CA8}.Release|Any CPU.ActiveCfg = Release|Any CPU
		{84F3ED04-C927-0D9E-D1C1-32AD2A267CA8}.Release|Any CPU.Build.0 = Release|Any CPU
		{038E2C5D-E0A4-883E-98E2-60A0C30CCAB5}.Debug|Any CPU.ActiveCfg = Debug|Any CPU
		{038E2C5D-E0A4-883E-98E2-60A0C30CCAB5}.Debug|Any CPU.Build.0 = Debug|Any CPU
		{038E2C5D-E0A4-883E-98E2-60A0C30CCAB5}.Release|Any CPU.ActiveCfg = Release|Any CPU
		{038E2C5D-E0A4-883E-98E2-60A0C30CCAB5}.Release|Any CPU.Build.0 = Release|Any CPU
		{461790EE-BC61-FC56-AD18-0300C82E7EAE}.Debug|Any CPU.ActiveCfg = Debug|Any CPU
		{461790EE-BC61-FC56-AD18-0300C82E7EAE}.Debug|Any CPU.Build.0 = Debug|Any CPU
		{461790EE-BC61-FC56-AD18-0300C82E7EAE}.Release|Any CPU.ActiveCfg = Release|Any CPU
		{461790EE-BC61-FC56-AD18-0300C82E7EAE}.Release|Any CPU.Build.0 = Release|Any CPU
		{B38C1480-7B49-0C90-8E5A-392AECD0C3A9}.Debug|Any CPU.ActiveCfg = Debug|Any CPU
		{B38C1480-7B49-0C90-8E5A-392AECD0C3A9}.Debug|Any CPU.Build.0 = Debug|Any CPU
		{B38C1480-7B49-0C90-8E5A-392AECD0C3A9}.Release|Any CPU.ActiveCfg = Release|Any CPU
		{B38C1480-7B49-0C90-8E5A-392AECD0C3A9}.Release|Any CPU.Build.0 = Release|Any CPU
		{49FF25C7-1525-039B-BA6E-F6588E7346F6}.Debug|Any CPU.ActiveCfg = Debug|Any CPU
		{49FF25C7-1525-039B-BA6E-F6588E7346F6}.Debug|Any CPU.Build.0 = Debug|Any CPU
		{49FF25C7-1525-039B-BA6E-F6588E7346F6}.Release|Any CPU.ActiveCfg = Release|Any CPU
		{49FF25C7-1525-039B-BA6E-F6588E7346F6}.Release|Any CPU.Build.0 = Release|Any CPU
		{EE0C86F4-A421-7147-469F-B9BDBB14A65C}.Debug|Any CPU.ActiveCfg = Debug|Any CPU
		{EE0C86F4-A421-7147-469F-B9BDBB14A65C}.Debug|Any CPU.Build.0 = Debug|Any CPU
		{EE0C86F4-A421-7147-469F-B9BDBB14A65C}.Release|Any CPU.ActiveCfg = Release|Any CPU
		{EE0C86F4-A421-7147-469F-B9BDBB14A65C}.Release|Any CPU.Build.0 = Release|Any CPU
		{C326CE29-1D0C-C011-A834-521152BA326F}.Debug|Any CPU.ActiveCfg = Debug|Any CPU
		{C326CE29-1D0C-C011-A834-521152BA326F}.Debug|Any CPU.Build.0 = Debug|Any CPU
		{C326CE29-1D0C-C011-A834-521152BA326F}.Release|Any CPU.ActiveCfg = Release|Any CPU
		{C326CE29-1D0C-C011-A834-521152BA326F}.Release|Any CPU.Build.0 = Release|Any CPU
		{214435EB-8F70-5945-38BB-A292FB781861}.Debug|Any CPU.ActiveCfg = Debug|Any CPU
		{214435EB-8F70-5945-38BB-A292FB781861}.Debug|Any CPU.Build.0 = Debug|Any CPU
		{214435EB-8F70-5945-38BB-A292FB781861}.Release|Any CPU.ActiveCfg = Release|Any CPU
		{214435EB-8F70-5945-38BB-A292FB781861}.Release|Any CPU.Build.0 = Release|Any CPU
		{D3261AF8-690A-D73B-0A95-7A6465361B37}.Debug|Any CPU.ActiveCfg = Debug|Any CPU
		{D3261AF8-690A-D73B-0A95-7A6465361B37}.Debug|Any CPU.Build.0 = Debug|Any CPU
		{D3261AF8-690A-D73B-0A95-7A6465361B37}.Release|Any CPU.ActiveCfg = Release|Any CPU
		{D3261AF8-690A-D73B-0A95-7A6465361B37}.Release|Any CPU.Build.0 = Release|Any CPU
		{E1BE8B6D-2C8C-52E0-4213-E9AA298594E0}.Debug|Any CPU.ActiveCfg = Debug|Any CPU
		{E1BE8B6D-2C8C-52E0-4213-E9AA298594E0}.Debug|Any CPU.Build.0 = Debug|Any CPU
		{E1BE8B6D-2C8C-52E0-4213-E9AA298594E0}.Release|Any CPU.ActiveCfg = Release|Any CPU
		{E1BE8B6D-2C8C-52E0-4213-E9AA298594E0}.Release|Any CPU.Build.0 = Release|Any CPU
	EndGlobalSection
	GlobalSection(SolutionProperties) = preSolution
		HideSolutionNode = FALSE
	EndGlobalSection
EndGlobal
